
Microsoft Visual Studio Solution File, Format Version 12.00
# Visual Studio 2012
Project("{E24C65DC-7377-472B-9ABA-BC803B73C61A}") = "WebPeExcel", "http://localhost:49437", "{7EDC9975-6218-42B0-A2BD-DE2A0516A5C4}"
	ProjectSection(WebsiteProperties) = preProject
		UseIISExpress = "true"
		TargetFrameworkMoniker = ".NETFramework,Version%3Dv4.0"
		Debug.AspNetCompiler.VirtualPath = "/localhost_49437"
		Debug.AspNetCompiler.PhysicalPath = "D:\work\c#\WebPeExcel\"
		Debug.AspNetCompiler.TargetPath = "PrecompiledWeb\localhost_49437\"
		Debug.AspNetCompiler.Updateable = "true"
		Debug.AspNetCompiler.ForceOverwrite = "true"
		Debug.AspNetCompiler.FixedNames = "false"
		Debug.AspNetCompiler.Debug = "True"
		Release.AspNetCompiler.VirtualPath = "/localhost_49437"
		Release.AspNetCompiler.PhysicalPath = "D:\work\c#\WebPeExcel\"
		Release.AspNetCompiler.TargetPath = "PrecompiledWeb\localhost_49437\"
		Release.AspNetCompiler.Updateable = "true"
		Release.AspNetCompiler.ForceOverwrite = "true"
		Release.AspNetCompiler.FixedNames = "false"
		Release.AspNetCompiler.Debug = "False"
		SlnRelativePath = "D:\work\c#\WebPeExcel\"
		DefaultWebSiteLanguage = "Visual C#"
	EndProjectSection
EndProject
Global
	GlobalSection(SolutionConfigurationPlatforms) = preSolution
		Debug|Any CPU = Debug|Any CPU
	EndGlobalSection
	GlobalSection(ProjectConfigurationPlatforms) = postSolution
		{7EDC9975-6218-42B0-A2BD-DE2A0516A5C4}.Debug|Any CPU.ActiveCfg = Debug|Any CPU
		{7EDC9975-6218-42B0-A2BD-DE2A0516A5C4}.Debug|Any CPU.Build.0 = Debug|Any CPU
	EndGlobalSection
	GlobalSection(SolutionProperties) = preSolution
		HideSolutionNode = FALSE
	EndGlobalSection
EndGlobal
